
Microsoft Visual Studio Solution File, Format Version 12.00
# Visual Studio Version 16
VisualStudioVersion = 16.0.30717.126
MinimumVisualStudioVersion = 10.0.40219.1
Project("{FAE04EC0-301F-11D3-BF4B-00C04F79EFBC}") = "BlazingPizza.Server", "BlazingPizza\Server\BlazingPizza.Server.csproj", "{32136668-3960-4CF4-A566-F826C8994C75}"
EndProject
Project("{FAE04EC0-301F-11D3-BF4B-00C04F79EFBC}") = "BlazingPizza.Client", "BlazingPizza\Client\BlazingPizza.Client.csproj", "{69CDFC9B-B785-4695-BE9F-F24EF3C2486C}"
EndProject
Project("{FAE04EC0-301F-11D3-BF4B-00C04F79EFBC}") = "BlazingPizza.Shared", "BlazingPizza\Shared\BlazingPizza.Shared.csproj", "{123126E8-BA28-4386-B6C9-1DCCD8057312}"
EndProject
Global
	GlobalSection(SolutionConfigurationPlatforms) = preSolution
		Debug|Any CPU = Debug|Any CPU
		Release|Any CPU = Release|Any CPU
	EndGlobalSection
	GlobalSection(ProjectConfigurationPlatforms) = postSolution
		{32136668-3960-4CF4-A566-F826C8994C75}.Debug|Any CPU.ActiveCfg = Debug|Any CPU
		{32136668-3960-4CF4-A566-F826C8994C75}.Debug|Any CPU.Build.0 = Debug|Any CPU
		{32136668-3960-4CF4-A566-F826C8994C75}.Release|Any CPU.ActiveCfg = Release|Any CPU
		{32136668-3960-4CF4-A566-F826C8994C75}.Release|Any CPU.Build.0 = Release|Any CPU
		{69CDFC9B-B785-4695-BE9F-F24EF3C2486C}.Debug|Any CPU.ActiveCfg = Debug|Any CPU
		{69CDFC9B-B785-4695-BE9F-F24EF3C2486C}.Debug|Any CPU.Build.0 = Debug|Any CPU
		{69CDFC9B-B785-4695-BE9F-F24EF3C2486C}.Release|Any CPU.ActiveCfg = Release|Any CPU
		{69CDFC9B-B785-4695-BE9F-F24EF3C2486C}.Release|Any CPU.Build.0 = Release|Any CPU
		{123126E8-BA28-4386-B6C9-1DCCD8057312}.Debug|Any CPU.ActiveCfg = Debug|Any CPU
		{123126E8-BA28-4386-B6C9-1DCCD8057312}.Debug|Any CPU.Build.0 = Debug|Any CPU
		{123126E8-BA28-4386-B6C9-1DCCD8057312}.Release|Any CPU.ActiveCfg = Release|Any CPU
		{123126E8-BA28-4386-B6C9-1DCCD8057312}.Release|Any CPU.Build.0 = Release|Any CPU
	EndGlobalSection
	GlobalSection(SolutionProperties) = preSolution
		HideSolutionNode = FALSE
	EndGlobalSection
	GlobalSection(ExtensibilityGlobals) = postSolution
		SolutionGuid = {75E9F1F0-D66C-48C1-A1A0-D1837EC6BA1E}
	EndGlobalSection
EndGlobal
